// !$*UTF8*$!
{
	archiveVersion = 1;
	classes = {
	};
	objectVersion = 56;
	objects = {

/* Begin PBXBuildFile section */
		2A587F162BC93F2400E64FD9 /* CleanCryptoApp.swift in Sources */ = {isa = PBXBuildFile; fileRef = 2A587F152BC93F2400E64FD9 /* CleanCryptoApp.swift */; };
		2A587F1A2BC93F2500E64FD9 /* Assets.xcassets in Resources */ = {isa = PBXBuildFile; fileRef = 2A587F192BC93F2500E64FD9 /* Assets.xcassets */; };
		2A587F1D2BC93F2500E64FD9 /* Preview Assets.xcassets in Resources */ = {isa = PBXBuildFile; fileRef = 2A587F1C2BC93F2500E64FD9 /* Preview Assets.xcassets */; };
		2A587F272BC93F2500E64FD9 /* CleanCryptoTests.swift in Sources */ = {isa = PBXBuildFile; fileRef = 2A587F262BC93F2500E64FD9 /* CleanCryptoTests.swift */; };
		2A587F432BCAA6B100E64FD9 /* MainView.swift in Sources */ = {isa = PBXBuildFile; fileRef = 2A587F422BCAA6B100E64FD9 /* MainView.swift */; };
		2A587F462BCAA74C00E64FD9 /* MainViewModel.swift in Sources */ = {isa = PBXBuildFile; fileRef = 2A587F452BCAA74C00E64FD9 /* MainViewModel.swift */; };
/* End PBXBuildFile section */

/* Begin PBXContainerItemProxy section */
		2A587F232BC93F2500E64FD9 /* PBXContainerItemProxy */ = {
			isa = PBXContainerItemProxy;
			containerPortal = 2A587F0A2BC93F2400E64FD9 /* Project object */;
			proxyType = 1;
			remoteGlobalIDString = 2A587F112BC93F2400E64FD9;
			remoteInfo = CleanCrypto;
		};
/* End PBXContainerItemProxy section */

/* Begin PBXFileReference section */
		2A587F122BC93F2400E64FD9 /* CleanCrypto.app */ = {isa = PBXFileReference; explicitFileType = wrapper.application; includeInIndex = 0; path = CleanCrypto.app; sourceTree = BUILT_PRODUCTS_DIR; };
		2A587F152BC93F2400E64FD9 /* CleanCryptoApp.swift */ = {isa = PBXFileReference; lastKnownFileType = sourcecode.swift; path = CleanCryptoApp.swift; sourceTree = "<group>"; };
		2A587F192BC93F2500E64FD9 /* Assets.xcassets */ = {isa = PBXFileReference; lastKnownFileType = folder.assetcatalog; path = Assets.xcassets; sourceTree = "<group>"; };
		2A587F1C2BC93F2500E64FD9 /* Preview Assets.xcassets */ = {isa = PBXFileReference; lastKnownFileType = folder.assetcatalog; path = "Preview Assets.xcassets"; sourceTree = "<group>"; };
		2A587F222BC93F2500E64FD9 /* CleanCryptoTests.xctest */ = {isa = PBXFileReference; explicitFileType = wrapper.cfbundle; includeInIndex = 0; path = CleanCryptoTests.xctest; sourceTree = BUILT_PRODUCTS_DIR; };
		2A587F262BC93F2500E64FD9 /* CleanCryptoTests.swift */ = {isa = PBXFileReference; lastKnownFileType = sourcecode.swift; path = CleanCryptoTests.swift; sourceTree = "<group>"; };
		2A587F422BCAA6B100E64FD9 /* MainView.swift */ = {isa = PBXFileReference; lastKnownFileType = sourcecode.swift; path = MainView.swift; sourceTree = "<group>"; };
		2A587F452BCAA74C00E64FD9 /* MainViewModel.swift */ = {isa = PBXFileReference; lastKnownFileType = sourcecode.swift; path = MainViewModel.swift; sourceTree = "<group>"; };
/* End PBXFileReference section */

/* Begin PBXFrameworksBuildPhase section */
		2A587F0F2BC93F2400E64FD9 /* Frameworks */ = {
			isa = PBXFrameworksBuildPhase;
			buildActionMask = 2147483647;
			files = (
			);
			runOnlyForDeploymentPostprocessing = 0;
		};
		2A587F1F2BC93F2500E64FD9 /* Frameworks */ = {
			isa = PBXFrameworksBuildPhase;
			buildActionMask = 2147483647;
			files = (
			);
			runOnlyForDeploymentPostprocessing = 0;
		};
/* End PBXFrameworksBuildPhase section */

/* Begin PBXGroup section */
		2A587F092BC93F2400E64FD9 = {
			isa = PBXGroup;
			children = (
				2A587F142BC93F2400E64FD9 /* CleanCrypto */,
				2A587F252BC93F2500E64FD9 /* CleanCryptoTests */,
				2A587F132BC93F2400E64FD9 /* Products */,
			);
			sourceTree = "<group>";
		};
		2A587F132BC93F2400E64FD9 /* Products */ = {
			isa = PBXGroup;
			children = (
				2A587F122BC93F2400E64FD9 /* CleanCrypto.app */,
				2A587F222BC93F2500E64FD9 /* CleanCryptoTests.xctest */,
			);
			name = Products;
			sourceTree = "<group>";
		};
		2A587F142BC93F2400E64FD9 /* CleanCrypto */ = {
			isa = PBXGroup;
			children = (
				2A587F442BCAA6E500E64FD9 /* App */,
				2A587F402BCAA66700E64FD9 /* Presentation */,
				2A587F472BCAA77B00E64FD9 /* Resource */,
				2A587F1B2BC93F2500E64FD9 /* Preview Content */,
			);
			path = CleanCrypto;
			sourceTree = "<group>";
		};
		2A587F1B2BC93F2500E64FD9 /* Preview Content */ = {
			isa = PBXGroup;
			children = (
				2A587F3F2BC9414500E64FD9 /* Presentation */,
				2A587F1C2BC93F2500E64FD9 /* Preview Assets.xcassets */,
			);
			path = "Preview Content";
			sourceTree = "<group>";
		};
		2A587F252BC93F2500E64FD9 /* CleanCryptoTests */ = {
			isa = PBXGroup;
			children = (
				2A587F262BC93F2500E64FD9 /* CleanCryptoTests.swift */,
			);
			path = CleanCryptoTests;
			sourceTree = "<group>";
		};
		2A587F3F2BC9414500E64FD9 /* Presentation */ = {
			isa = PBXGroup;
			children = (
			);
			path = Presentation;
			sourceTree = "<group>";
		};
		2A587F402BCAA66700E64FD9 /* Presentation */ = {
			isa = PBXGroup;
			children = (
				2A587F412BCAA68500E64FD9 /* Main */,
			);
			path = Presentation;
			sourceTree = "<group>";
		};
		2A587F412BCAA68500E64FD9 /* Main */ = {
			isa = PBXGroup;
			children = (
				2A587F422BCAA6B100E64FD9 /* MainView.swift */,
				2A587F452BCAA74C00E64FD9 /* MainViewModel.swift */,
			);
			path = Main;
			sourceTree = "<group>";
		};
		2A587F442BCAA6E500E64FD9 /* App */ = {
			isa = PBXGroup;
			children = (
				2A587F152BC93F2400E64FD9 /* CleanCryptoApp.swift */,
			);
			path = App;
			sourceTree = "<group>";
		};
		2A587F472BCAA77B00E64FD9 /* Resource */ = {
			isa = PBXGroup;
			children = (
				2A587F192BC93F2500E64FD9 /* Assets.xcassets */,
			);
			path = Resource;
			sourceTree = "<group>";
		};
/* End PBXGroup section */

/* Begin PBXNativeTarget section */
		2A587F112BC93F2400E64FD9 /* CleanCrypto */ = {
			isa = PBXNativeTarget;
			buildConfigurationList = 2A587F362BC93F2500E64FD9 /* Build configuration list for PBXNativeTarget "CleanCrypto" */;
			buildPhases = (
				2A587F0E2BC93F2400E64FD9 /* Sources */,
				2A587F0F2BC93F2400E64FD9 /* Frameworks */,
				2A587F102BC93F2400E64FD9 /* Resources */,
			);
			buildRules = (
			);
			dependencies = (
			);
			name = CleanCrypto;
			productName = CleanCrypto;
			productReference = 2A587F122BC93F2400E64FD9 /* CleanCrypto.app */;
			productType = "com.apple.product-type.application";
		};
		2A587F212BC93F2500E64FD9 /* CleanCryptoTests */ = {
			isa = PBXNativeTarget;
			buildConfigurationList = 2A587F392BC93F2500E64FD9 /* Build configuration list for PBXNativeTarget "CleanCryptoTests" */;
			buildPhases = (
				2A587F1E2BC93F2500E64FD9 /* Sources */,
				2A587F1F2BC93F2500E64FD9 /* Frameworks */,
				2A587F202BC93F2500E64FD9 /* Resources */,
			);
			buildRules = (
			);
			dependencies = (
				2A587F242BC93F2500E64FD9 /* PBXTargetDependency */,
			);
			name = CleanCryptoTests;
			productName = CleanCryptoTests;
			productReference = 2A587F222BC93F2500E64FD9 /* CleanCryptoTests.xctest */;
			productType = "com.apple.product-type.bundle.unit-test";
		};
/* End PBXNativeTarget section */

/* Begin PBXProject section */
		2A587F0A2BC93F2400E64FD9 /* Project object */ = {
			isa = PBXProject;
			attributes = {
				BuildIndependentTargetsInParallel = 1;
				LastSwiftUpdateCheck = 1530;
				LastUpgradeCheck = 1530;
				TargetAttributes = {
					2A587F112BC93F2400E64FD9 = {
						CreatedOnToolsVersion = 15.3;
					};
					2A587F212BC93F2500E64FD9 = {
						CreatedOnToolsVersion = 15.3;
						TestTargetID = 2A587F112BC93F2400E64FD9;
					};
				};
			};
			buildConfigurationList = 2A587F0D2BC93F2400E64FD9 /* Build configuration list for PBXProject "CleanCrypto" */;
			compatibilityVersion = "Xcode 14.0";
			developmentRegion = en;
			hasScannedForEncodings = 0;
			knownRegions = (
				en,
				Base,
			);
			mainGroup = 2A587F092BC93F2400E64FD9;
			productRefGroup = 2A587F132BC93F2400E64FD9 /* Products */;
			projectDirPath = "";
			projectRoot = "";
			targets = (
				2A587F112BC93F2400E64FD9 /* CleanCrypto */,
				2A587F212BC93F2500E64FD9 /* CleanCryptoTests */,
			);
		};
/* End PBXProject section */

/* Begin PBXResourcesBuildPhase section */
		2A587F102BC93F2400E64FD9 /* Resources */ = {
			isa = PBXResourcesBuildPhase;
			buildActionMask = 2147483647;
			files = (
				2A587F1D2BC93F2500E64FD9 /* Preview Assets.xcassets in Resources */,
				2A587F1A2BC93F2500E64FD9 /* Assets.xcassets in Resources */,
			);
			runOnlyForDeploymentPostprocessing = 0;
		};
		2A587F202BC93F2500E64FD9 /* Resources */ = {
			isa = PBXResourcesBuildPhase;
			buildActionMask = 2147483647;
			files = (
			);
			runOnlyForDeploymentPostprocessing = 0;
		};
/* End PBXResourcesBuildPhase section */

/* Begin PBXSourcesBuildPhase section */
		2A587F0E2BC93F2400E64FD9 /* Sources */ = {
			isa = PBXSourcesBuildPhase;
			buildActionMask = 2147483647;
			files = (
				2A587F432BCAA6B100E64FD9 /* MainView.swift in Sources */,
				2A587F162BC93F2400E64FD9 /* CleanCryptoApp.swift in Sources */,
				2A587F462BCAA74C00E64FD9 /* MainViewModel.swift in Sources */,
			);
			runOnlyForDeploymentPostprocessing = 0;
		};
		2A587F1E2BC93F2500E64FD9 /* Sources */ = {
			isa = PBXSourcesBuildPhase;
			buildActionMask = 2147483647;
			files = (
				2A587F272BC93F2500E64FD9 /* CleanCryptoTests.swift in Sources */,
			);
			runOnlyForDeploymentPostprocessing = 0;
		};
/* End PBXSourcesBuildPhase section */

/* Begin PBXTargetDependency section */
		2A587F242BC93F2500E64FD9 /* PBXTargetDependency */ = {
			isa = PBXTargetDependency;
			target = 2A587F112BC93F2400E64FD9 /* CleanCrypto */;
			targetProxy = 2A587F232BC93F2500E64FD9 /* PBXContainerItemProxy */;
		};
/* End PBXTargetDependency section */

/* Begin XCBuildConfiguration section */
		2A587F342BC93F2500E64FD9 /* Debug */ = {
			isa = XCBuildConfiguration;
			buildSettings = {
				ALWAYS_SEARCH_USER_PATHS = NO;
				ASSETCATALOG_COMPILER_GENERATE_SWIFT_ASSET_SYMBOL_EXTENSIONS = YES;
				CLANG_ANALYZER_NONNULL = YES;
				CLANG_ANALYZER_NUMBER_OBJECT_CONVERSION = YES_AGGRESSIVE;
				CLANG_CXX_LANGUAGE_STANDARD = "gnu++20";
				CLANG_ENABLE_MODULES = YES;
				CLANG_ENABLE_OBJC_ARC = YES;
				CLANG_ENABLE_OBJC_WEAK = YES;
				CLANG_WARN_BLOCK_CAPTURE_AUTORELEASING = YES;
				CLANG_WARN_BOOL_CONVERSION = YES;
				CLANG_WARN_COMMA = YES;
				CLANG_WARN_CONSTANT_CONVERSION = YES;
				CLANG_WARN_DEPRECATED_OBJC_IMPLEMENTATIONS = YES;
				CLANG_WARN_DIRECT_OBJC_ISA_USAGE = YES_ERROR;
				CLANG_WARN_DOCUMENTATION_COMMENTS = YES;
				CLANG_WARN_EMPTY_BODY = YES;
				CLANG_WARN_ENUM_CONVERSION = YES;
				CLANG_WARN_INFINITE_RECURSION = YES;
				CLANG_WARN_INT_CONVERSION = YES;
				CLANG_WARN_NON_LITERAL_NULL_CONVERSION = YES;
				CLANG_WARN_OBJC_IMPLICIT_RETAIN_SELF = YES;
				CLANG_WARN_OBJC_LITERAL_CONVERSION = YES;
				CLANG_WARN_OBJC_ROOT_CLASS = YES_ERROR;
				CLANG_WARN_QUOTED_INCLUDE_IN_FRAMEWORK_HEADER = YES;
				CLANG_WARN_RANGE_LOOP_ANALYSIS = YES;
				CLANG_WARN_STRICT_PROTOTYPES = YES;
				CLANG_WARN_SUSPICIOUS_MOVE = YES;
				CLANG_WARN_UNGUARDED_AVAILABILITY = YES_AGGRESSIVE;
				CLANG_WARN_UNREACHABLE_CODE = YES;
				CLANG_WARN__DUPLICATE_METHOD_MATCH = YES;
				COPY_PHASE_STRIP = NO;
				DEBUG_INFORMATION_FORMAT = dwarf;
				ENABLE_STRICT_OBJC_MSGSEND = YES;
				ENABLE_TESTABILITY = YES;
				ENABLE_USER_SCRIPT_SANDBOXING = YES;
				GCC_C_LANGUAGE_STANDARD = gnu17;
				GCC_DYNAMIC_NO_PIC = NO;
				GCC_NO_COMMON_BLOCKS = YES;
				GCC_OPTIMIZATION_LEVEL = 0;
				GCC_PREPROCESSOR_DEFINITIONS = (
					"DEBUG=1",
					"$(inherited)",
				);
				GCC_WARN_64_TO_32_BIT_CONVERSION = YES;
				GCC_WARN_ABOUT_RETURN_TYPE = YES_ERROR;
				GCC_WARN_UNDECLARED_SELECTOR = YES;
				GCC_WARN_UNINITIALIZED_AUTOS = YES_AGGRESSIVE;
				GCC_WARN_UNUSED_FUNCTION = YES;
				GCC_WARN_UNUSED_VARIABLE = YES;
				IPHONEOS_DEPLOYMENT_TARGET = 15.0;
				LOCALIZATION_PREFERS_STRING_CATALOGS = YES;
				MTL_ENABLE_DEBUG_INFO = INCLUDE_SOURCE;
				MTL_FAST_MATH = YES;
				ONLY_ACTIVE_ARCH = YES;
				SDKROOT = iphoneos;
				SWIFT_ACTIVE_COMPILATION_CONDITIONS = "DEBUG $(inherited)";
				SWIFT_OPTIMIZATION_LEVEL = "-Onone";
			};
			name = Debug;
		};
		2A587F352BC93F2500E64FD9 /* Release */ = {
			isa = XCBuildConfiguration;
			buildSettings = {
				ALWAYS_SEARCH_USER_PATHS = NO;
				ASSETCATALOG_COMPILER_GENERATE_SWIFT_ASSET_SYMBOL_EXTENSIONS = YES;
				CLANG_ANALYZER_NONNULL = YES;
				CLANG_ANALYZER_NUMBER_OBJECT_CONVERSION = YES_AGGRESSIVE;
				CLANG_CXX_LANGUAGE_STANDARD = "gnu++20";
				CLANG_ENABLE_MODULES = YES;
				CLANG_ENABLE_OBJC_ARC = YES;
				CLANG_ENABLE_OBJC_WEAK = YES;
				CLANG_WARN_BLOCK_CAPTURE_AUTORELEASING = YES;
				CLANG_WARN_BOOL_CONVERSION = YES;
				CLANG_WARN_COMMA = YES;
				CLANG_WARN_CONSTANT_CONVERSION = YES;
				CLANG_WARN_DEPRECATED_OBJC_IMPLEMENTATIONS = YES;
				CLANG_WARN_DIRECT_OBJC_ISA_USAGE = YES_ERROR;
				CLANG_WARN_DOCUMENTATION_COMMENTS = YES;
				CLANG_WARN_EMPTY_BODY = YES;
				CLANG_WARN_ENUM_CONVERSION = YES;
				CLANG_WARN_INFINITE_RECURSION = YES;
				CLANG_WARN_INT_CONVERSION = YES;
				CLANG_WARN_NON_LITERAL_NULL_CONVERSION = YES;
				CLANG_WARN_OBJC_IMPLICIT_RETAIN_SELF = YES;
				CLANG_WARN_OBJC_LITERAL_CONVERSION = YES;
				CLANG_WARN_OBJC_ROOT_CLASS = YES_ERROR;
				CLANG_WARN_QUOTED_INCLUDE_IN_FRAMEWORK_HEADER = YES;
				CLANG_WARN_RANGE_LOOP_ANALYSIS = YES;
				CLANG_WARN_STRICT_PROTOTYPES = YES;
				CLANG_WARN_SUSPICIOUS_MOVE = YES;
				CLANG_WARN_UNGUARDED_AVAILABILITY = YES_AGGRESSIVE;
				CLANG_WARN_UNREACHABLE_CODE = YES;
				CLANG_WARN__DUPLICATE_METHOD_MATCH = YES;
				COPY_PHASE_STRIP = NO;
				DEBUG_INFORMATION_FORMAT = "dwarf-with-dsym";
				ENABLE_NS_ASSERTIONS = NO;
				ENABLE_STRICT_OBJC_MSGSEND = YES;
				ENABLE_USER_SCRIPT_SANDBOXING = YES;
				GCC_C_LANGUAGE_STANDARD = gnu17;
				GCC_NO_COMMON_BLOCKS = YES;
				GCC_WARN_64_TO_32_BIT_CONVERSION = YES;
				GCC_WARN_ABOUT_RETURN_TYPE = YES_ERROR;
				GCC_WARN_UNDECLARED_SELECTOR = YES;
				GCC_WARN_UNINITIALIZED_AUTOS = YES_AGGRESSIVE;
				GCC_WARN_UNUSED_FUNCTION = YES;
				GCC_WARN_UNUSED_VARIABLE = YES;
				IPHONEOS_DEPLOYMENT_TARGET = 15.0;
				LOCALIZATION_PREFERS_STRING_CATALOGS = YES;
				MTL_ENABLE_DEBUG_INFO = NO;
				MTL_FAST_MATH = YES;
				SDKROOT = iphoneos;
				SWIFT_COMPILATION_MODE = wholemodule;
				VALIDATE_PRODUCT = YES;
			};
			name = Release;
		};
		2A587F372BC93F2500E64FD9 /* Debug */ = {
			isa = XCBuildConfiguration;
			buildSettings = {
				ASSETCATALOG_COMPILER_APPICON_NAME = AppIcon;
				ASSETCATALOG_COMPILER_GLOBAL_ACCENT_COLOR_NAME = AccentColor;
				CODE_SIGN_STYLE = Automatic;
				CURRENT_PROJECT_VERSION = 1;
				DEVELOPMENT_ASSET_PATHS = "\"CleanCrypto/Preview Content\"";
				DEVELOPMENT_TEAM = NLCYJ22AZZ;
				ENABLE_PREVIEWS = YES;
				GENERATE_INFOPLIST_FILE = YES;
				INFOPLIST_KEY_CFBundleDisplayName = CleanCrypto;
				INFOPLIST_KEY_LSApplicationCategoryType = "public.app-category.finance";
				INFOPLIST_KEY_UIApplicationSceneManifest_Generation = YES;
				INFOPLIST_KEY_UIApplicationSupportsIndirectInputEvents = YES;
				INFOPLIST_KEY_UILaunchScreen_Generation = YES;
				INFOPLIST_KEY_UISupportedInterfaceOrientations = UIInterfaceOrientationPortrait;
				INFOPLIST_KEY_UISupportedInterfaceOrientations_iPad = "UIInterfaceOrientationLandscapeLeft UIInterfaceOrientationLandscapeRight";
				IPHONEOS_DEPLOYMENT_TARGET = 15.0;
				LD_RUNPATH_SEARCH_PATHS = (
					"$(inherited)",
					"@executable_path/Frameworks",
				);
				MARKETING_VERSION = 1.0;
				PRODUCT_BUNDLE_IDENTIFIER = com.devhaute.CleanCrypto;
				PRODUCT_NAME = "$(TARGET_NAME)";
				SUPPORTED_PLATFORMS = "iphoneos iphonesimulator";
				SUPPORTS_MACCATALYST = NO;
				SUPPORTS_XR_DESIGNED_FOR_IPHONE_IPAD = NO;
				SWIFT_EMIT_LOC_STRINGS = YES;
				SWIFT_VERSION = 5.0;
				TARGETED_DEVICE_FAMILY = "1,2";
			};
			name = Debug;
		};
		2A587F382BC93F2500E64FD9 /* Release */ = {
			isa = XCBuildConfiguration;
			buildSettings = {
				ASSETCATALOG_COMPILER_APPICON_NAME = AppIcon;
				ASSETCATALOG_COMPILER_GLOBAL_ACCENT_COLOR_NAME = AccentColor;
				CODE_SIGN_STYLE = Automatic;
				CURRENT_PROJECT_VERSION = 1;
				DEVELOPMENT_ASSET_PATHS = "\"CleanCrypto/Preview Content\"";
				DEVELOPMENT_TEAM = NLCYJ22AZZ;
				ENABLE_PREVIEWS = YES;
				GENERATE_INFOPLIST_FILE = YES;
				INFOPLIST_KEY_CFBundleDisplayName = CleanCrypto;
				INFOPLIST_KEY_LSApplicationCategoryType = "public.app-category.finance";
				INFOPLIST_KEY_UIApplicationSceneManifest_Generation = YES;
				INFOPLIST_KEY_UIApplicationSupportsIndirectInputEvents = YES;
				INFOPLIST_KEY_UILaunchScreen_Generation = YES;
				INFOPLIST_KEY_UISupportedInterfaceOrientations = UIInterfaceOrientationPortrait;
				INFOPLIST_KEY_UISupportedInterfaceOrientations_iPad = "UIInterfaceOrientationLandscapeLeft UIInterfaceOrientationLandscapeRight";
				IPHONEOS_DEPLOYMENT_TARGET = 15.0;
				LD_RUNPATH_SEARCH_PATHS = (
					"$(inherited)",
					"@executable_path/Frameworks",
				);
				MARKETING_VERSION = 1.0;
				PRODUCT_BUNDLE_IDENTIFIER = com.devhaute.CleanCrypto;
				PRODUCT_NAME = "$(TARGET_NAME)";
				SUPPORTED_PLATFORMS = "iphoneos iphonesimulator";
				SUPPORTS_MACCATALYST = NO;
				SUPPORTS_XR_DESIGNED_FOR_IPHONE_IPAD = NO;
				SWIFT_EMIT_LOC_STRINGS = YES;
				SWIFT_VERSION = 5.0;
				TARGETED_DEVICE_FAMILY = "1,2";
			};
			name = Release;
		};
		2A587F3A2BC93F2500E64FD9 /* Debug */ = {
			isa = XCBuildConfiguration;
			buildSettings = {
				ALWAYS_EMBED_SWIFT_STANDARD_LIBRARIES = YES;
				BUNDLE_LOADER = "$(TEST_HOST)";
				CODE_SIGN_STYLE = Automatic;
				CURRENT_PROJECT_VERSION = 1;
				DEVELOPMENT_TEAM = NLCYJ22AZZ;
				GENERATE_INFOPLIST_FILE = YES;
				IPHONEOS_DEPLOYMENT_TARGET = 15.0;
				MARKETING_VERSION = 1.0;
				PRODUCT_BUNDLE_IDENTIFIER = com.devhaute.CleanCryptoTests;
				PRODUCT_NAME = "$(TARGET_NAME)";
				SWIFT_EMIT_LOC_STRINGS = NO;
				SWIFT_VERSION = 5.0;
				TARGETED_DEVICE_FAMILY = "1,2";
				TEST_HOST = "$(BUILT_PRODUCTS_DIR)/CleanCrypto.app/$(BUNDLE_EXECUTABLE_FOLDER_PATH)/CleanCrypto";
			};
			name = Debug;
		};
		2A587F3B2BC93F2500E64FD9 /* Release */ = {
			isa = XCBuildConfiguration;
			buildSettings = {
				ALWAYS_EMBED_SWIFT_STANDARD_LIBRARIES = YES;
				BUNDLE_LOADER = "$(TEST_HOST)";
				CODE_SIGN_STYLE = Automatic;
				CURRENT_PROJECT_VERSION = 1;
				DEVELOPMENT_TEAM = NLCYJ22AZZ;
				GENERATE_INFOPLIST_FILE = YES;
				IPHONEOS_DEPLOYMENT_TARGET = 15.0;
				MARKETING_VERSION = 1.0;
				PRODUCT_BUNDLE_IDENTIFIER = com.devhaute.CleanCryptoTests;
				PRODUCT_NAME = "$(TARGET_NAME)";
				SWIFT_EMIT_LOC_STRINGS = NO;
				SWIFT_VERSION = 5.0;
				TARGETED_DEVICE_FAMILY = "1,2";
				TEST_HOST = "$(BUILT_PRODUCTS_DIR)/CleanCrypto.app/$(BUNDLE_EXECUTABLE_FOLDER_PATH)/CleanCrypto";
			};
			name = Release;
		};
/* End XCBuildConfiguration section */

/* Begin XCConfigurationList section */
		2A587F0D2BC93F2400E64FD9 /* Build configuration list for PBXProject "CleanCrypto" */ = {
			isa = XCConfigurationList;
			buildConfigurations = (
				2A587F342BC93F2500E64FD9 /* Debug */,
				2A587F352BC93F2500E64FD9 /* Release */,
			);
			defaultConfigurationIsVisible = 0;
			defaultConfigurationName = Release;
		};
		2A587F362BC93F2500E64FD9 /* Build configuration list for PBXNativeTarget "CleanCrypto" */ = {
			isa = XCConfigurationList;
			buildConfigurations = (
				2A587F372BC93F2500E64FD9 /* Debug */,
				2A587F382BC93F2500E64FD9 /* Release */,
			);
			defaultConfigurationIsVisible = 0;
			defaultConfigurationName = Release;
		};
		2A587F392BC93F2500E64FD9 /* Build configuration list for PBXNativeTarget "CleanCryptoTests" */ = {
			isa = XCConfigurationList;
			buildConfigurations = (
				2A587F3A2BC93F2500E64FD9 /* Debug */,
				2A587F3B2BC93F2500E64FD9 /* Release */,
			);
			defaultConfigurationIsVisible = 0;
			defaultConfigurationName = Release;
		};
/* End XCConfigurationList section */
	};
	rootObject = 2A587F0A2BC93F2400E64FD9 /* Project object */;
}
