// !$*UTF8*$!
{
	archiveVersion = 1;
	classes = {
	};
	objectVersion = 56;
	objects = {

/* Begin PBXBuildFile section */
		2A4F27482BCD65F300904752 /* PlaceholderModifier.swift in Sources */ = {isa = PBXBuildFile; fileRef = 2A4F27472BCD65F300904752 /* PlaceholderModifier.swift */; };
		2A4F274B2BCD695500904752 /* SearchBar.swift in Sources */ = {isa = PBXBuildFile; fileRef = 2A4F274A2BCD695500904752 /* SearchBar.swift */; };
		2A4F274D2BCD6AD600904752 /* HideModifier.swift in Sources */ = {isa = PBXBuildFile; fileRef = 2A4F274C2BCD6AD600904752 /* HideModifier.swift */; };
		2A4F274F2BCD73B900904752 /* Constant.swift in Sources */ = {isa = PBXBuildFile; fileRef = 2A4F274E2BCD73B900904752 /* Constant.swift */; };
		2A4F27512BCD86B600904752 /* Dropdown.swift in Sources */ = {isa = PBXBuildFile; fileRef = 2A4F27502BCD86B600904752 /* Dropdown.swift */; };
		2A4F27552BCD8A7900904752 /* Coin.swift in Sources */ = {isa = PBXBuildFile; fileRef = 2A4F27542BCD8A7900904752 /* Coin.swift */; };
		2A4F27582BCD923300904752 /* String+Extension.swift in Sources */ = {isa = PBXBuildFile; fileRef = 2A4F27572BCD923300904752 /* String+Extension.swift */; };
		2A587F162BC93F2400E64FD9 /* CoinTracker-iOSApp.swift in Sources */ = {isa = PBXBuildFile; fileRef = 2A587F152BC93F2400E64FD9 /* CoinTracker-iOSApp.swift */; };
		2A587F1A2BC93F2500E64FD9 /* Assets.xcassets in Resources */ = {isa = PBXBuildFile; fileRef = 2A587F192BC93F2500E64FD9 /* Assets.xcassets */; };
		2A587F1D2BC93F2500E64FD9 /* Preview Assets.xcassets in Resources */ = {isa = PBXBuildFile; fileRef = 2A587F1C2BC93F2500E64FD9 /* Preview Assets.xcassets */; };
		2A587F272BC93F2500E64FD9 /* CoinTracker-iOSTests.swift in Sources */ = {isa = PBXBuildFile; fileRef = 2A587F262BC93F2500E64FD9 /* CoinTracker-iOSTests.swift */; };
		2A587F432BCAA6B100E64FD9 /* MainView.swift in Sources */ = {isa = PBXBuildFile; fileRef = 2A587F422BCAA6B100E64FD9 /* MainView.swift */; };
		2A587F462BCAA74C00E64FD9 /* MainViewModel.swift in Sources */ = {isa = PBXBuildFile; fileRef = 2A587F452BCAA74C00E64FD9 /* MainViewModel.swift */; };
		2A587F4A2BCAB19700E64FD9 /* DIContainer.swift in Sources */ = {isa = PBXBuildFile; fileRef = 2A587F492BCAB19700E64FD9 /* DIContainer.swift */; };
		2A587F522BCACA8E00E64FD9 /* DIContainer+Injection.swift in Sources */ = {isa = PBXBuildFile; fileRef = 2A587F512BCACA8E00E64FD9 /* DIContainer+Injection.swift */; };
		2A587F5B2BCADA3C00E64FD9 /* CoordinatorProtocol.swift in Sources */ = {isa = PBXBuildFile; fileRef = 2A587F5A2BCADA3C00E64FD9 /* CoordinatorProtocol.swift */; };
		2A587F5E2BCADADF00E64FD9 /* DetailView.swift in Sources */ = {isa = PBXBuildFile; fileRef = 2A587F5D2BCADADF00E64FD9 /* DetailView.swift */; };
		2AFEE35A2BCEC34A00F446B9 /* TabItemView.swift in Sources */ = {isa = PBXBuildFile; fileRef = 2AFEE3592BCEC34A00F446B9 /* TabItemView.swift */; };
/* End PBXBuildFile section */

/* Begin PBXContainerItemProxy section */
		2A587F232BC93F2500E64FD9 /* PBXContainerItemProxy */ = {
			isa = PBXContainerItemProxy;
			containerPortal = 2A587F0A2BC93F2400E64FD9 /* Project object */;
			proxyType = 1;
			remoteGlobalIDString = 2A587F112BC93F2400E64FD9;
			remoteInfo = CleanCrypto;
		};
/* End PBXContainerItemProxy section */

/* Begin PBXFileReference section */
		2A4F27472BCD65F300904752 /* PlaceholderModifier.swift */ = {isa = PBXFileReference; lastKnownFileType = sourcecode.swift; path = PlaceholderModifier.swift; sourceTree = "<group>"; };
		2A4F274A2BCD695500904752 /* SearchBar.swift */ = {isa = PBXFileReference; lastKnownFileType = sourcecode.swift; path = SearchBar.swift; sourceTree = "<group>"; };
		2A4F274C2BCD6AD600904752 /* HideModifier.swift */ = {isa = PBXFileReference; lastKnownFileType = sourcecode.swift; path = HideModifier.swift; sourceTree = "<group>"; };
		2A4F274E2BCD73B900904752 /* Constant.swift */ = {isa = PBXFileReference; lastKnownFileType = sourcecode.swift; path = Constant.swift; sourceTree = "<group>"; };
		2A4F27502BCD86B600904752 /* Dropdown.swift */ = {isa = PBXFileReference; lastKnownFileType = sourcecode.swift; path = Dropdown.swift; sourceTree = "<group>"; };
		2A4F27542BCD8A7900904752 /* Coin.swift */ = {isa = PBXFileReference; lastKnownFileType = sourcecode.swift; path = Coin.swift; sourceTree = "<group>"; };
		2A4F27572BCD923300904752 /* String+Extension.swift */ = {isa = PBXFileReference; lastKnownFileType = sourcecode.swift; path = "String+Extension.swift"; sourceTree = "<group>"; };
		2A587F122BC93F2400E64FD9 /* CoinTracker-iOS.app */ = {isa = PBXFileReference; explicitFileType = wrapper.application; includeInIndex = 0; path = "CoinTracker-iOS.app"; sourceTree = BUILT_PRODUCTS_DIR; };
		2A587F152BC93F2400E64FD9 /* CoinTracker-iOSApp.swift */ = {isa = PBXFileReference; lastKnownFileType = sourcecode.swift; path = "CoinTracker-iOSApp.swift"; sourceTree = "<group>"; };
		2A587F192BC93F2500E64FD9 /* Assets.xcassets */ = {isa = PBXFileReference; lastKnownFileType = folder.assetcatalog; path = Assets.xcassets; sourceTree = "<group>"; };
		2A587F1C2BC93F2500E64FD9 /* Preview Assets.xcassets */ = {isa = PBXFileReference; lastKnownFileType = folder.assetcatalog; path = "Preview Assets.xcassets"; sourceTree = "<group>"; };
		2A587F222BC93F2500E64FD9 /* CoinTracker-iOSTests.xctest */ = {isa = PBXFileReference; explicitFileType = wrapper.cfbundle; includeInIndex = 0; path = "CoinTracker-iOSTests.xctest"; sourceTree = BUILT_PRODUCTS_DIR; };
		2A587F262BC93F2500E64FD9 /* CoinTracker-iOSTests.swift */ = {isa = PBXFileReference; lastKnownFileType = sourcecode.swift; path = "CoinTracker-iOSTests.swift"; sourceTree = "<group>"; };
		2A587F422BCAA6B100E64FD9 /* MainView.swift */ = {isa = PBXFileReference; lastKnownFileType = sourcecode.swift; path = MainView.swift; sourceTree = "<group>"; };
		2A587F452BCAA74C00E64FD9 /* MainViewModel.swift */ = {isa = PBXFileReference; lastKnownFileType = sourcecode.swift; path = MainViewModel.swift; sourceTree = "<group>"; };
		2A587F492BCAB19700E64FD9 /* DIContainer.swift */ = {isa = PBXFileReference; lastKnownFileType = sourcecode.swift; path = DIContainer.swift; sourceTree = "<group>"; };
		2A587F512BCACA8E00E64FD9 /* DIContainer+Injection.swift */ = {isa = PBXFileReference; lastKnownFileType = sourcecode.swift; path = "DIContainer+Injection.swift"; sourceTree = "<group>"; };
		2A587F5A2BCADA3C00E64FD9 /* CoordinatorProtocol.swift */ = {isa = PBXFileReference; lastKnownFileType = sourcecode.swift; path = CoordinatorProtocol.swift; sourceTree = "<group>"; };
		2A587F5D2BCADADF00E64FD9 /* DetailView.swift */ = {isa = PBXFileReference; lastKnownFileType = sourcecode.swift; path = DetailView.swift; sourceTree = "<group>"; };
		2AFEE3592BCEC34A00F446B9 /* TabItemView.swift */ = {isa = PBXFileReference; lastKnownFileType = sourcecode.swift; path = TabItemView.swift; sourceTree = "<group>"; };
/* End PBXFileReference section */

/* Begin PBXFrameworksBuildPhase section */
		2A587F0F2BC93F2400E64FD9 /* Frameworks */ = {
			isa = PBXFrameworksBuildPhase;
			buildActionMask = 2147483647;
			files = (
			);
			runOnlyForDeploymentPostprocessing = 0;
		};
		2A587F1F2BC93F2500E64FD9 /* Frameworks */ = {
			isa = PBXFrameworksBuildPhase;
			buildActionMask = 2147483647;
			files = (
			);
			runOnlyForDeploymentPostprocessing = 0;
		};
/* End PBXFrameworksBuildPhase section */

/* Begin PBXGroup section */
		2A4F27462BCD65E900904752 /* ViewModifier */ = {
			isa = PBXGroup;
			children = (
				2A4F27472BCD65F300904752 /* PlaceholderModifier.swift */,
				2A4F274C2BCD6AD600904752 /* HideModifier.swift */,
			);
			path = ViewModifier;
			sourceTree = "<group>";
		};
		2A4F27492BCD66D500904752 /* Components */ = {
			isa = PBXGroup;
			children = (
			);
			path = Components;
			sourceTree = "<group>";
		};
		2A4F27522BCD8A5E00904752 /* Domain */ = {
			isa = PBXGroup;
			children = (
				2A4F27532BCD8A6500904752 /* Entity */,
			);
			path = Domain;
			sourceTree = "<group>";
		};
		2A4F27532BCD8A6500904752 /* Entity */ = {
			isa = PBXGroup;
			children = (
				2A4F27542BCD8A7900904752 /* Coin.swift */,
			);
			path = Entity;
			sourceTree = "<group>";
		};
		2A4F27562BCD921F00904752 /* Extension */ = {
			isa = PBXGroup;
			children = (
				2A4F27572BCD923300904752 /* String+Extension.swift */,
			);
			path = Extension;
			sourceTree = "<group>";
		};
		2A587F092BC93F2400E64FD9 = {
			isa = PBXGroup;
			children = (
				2A587F142BC93F2400E64FD9 /* CoinTracker-iOS */,
				2A587F252BC93F2500E64FD9 /* CoinTracker-iOSTests */,
				2A587F132BC93F2400E64FD9 /* Products */,
			);
			sourceTree = "<group>";
		};
		2A587F132BC93F2400E64FD9 /* Products */ = {
			isa = PBXGroup;
			children = (
				2A587F122BC93F2400E64FD9 /* CoinTracker-iOS.app */,
				2A587F222BC93F2500E64FD9 /* CoinTracker-iOSTests.xctest */,
			);
			name = Products;
			sourceTree = "<group>";
		};
		2A587F142BC93F2400E64FD9 /* CoinTracker-iOS */ = {
			isa = PBXGroup;
			children = (
				2A587F532BCACFC700E64FD9 /* Core */,
				2A4F27522BCD8A5E00904752 /* Domain */,
				2A587F402BCAA66700E64FD9 /* Presentation */,
				2A587F152BC93F2400E64FD9 /* CoinTracker-iOSApp.swift */,
				2A587F472BCAA77B00E64FD9 /* Resource */,
			);
			path = "CoinTracker-iOS";
			sourceTree = "<group>";
		};
		2A587F1B2BC93F2500E64FD9 /* Preview Content */ = {
			isa = PBXGroup;
			children = (
				2A587F3F2BC9414500E64FD9 /* Presentation */,
				2A587F1C2BC93F2500E64FD9 /* Preview Assets.xcassets */,
			);
			path = "Preview Content";
			sourceTree = "<group>";
		};
		2A587F252BC93F2500E64FD9 /* CoinTracker-iOSTests */ = {
			isa = PBXGroup;
			children = (
				2A587F262BC93F2500E64FD9 /* CoinTracker-iOSTests.swift */,
			);
			path = "CoinTracker-iOSTests";
			sourceTree = "<group>";
		};
		2A587F3F2BC9414500E64FD9 /* Presentation */ = {
			isa = PBXGroup;
			children = (
			);
			path = Presentation;
			sourceTree = "<group>";
		};
		2A587F402BCAA66700E64FD9 /* Presentation */ = {
			isa = PBXGroup;
			children = (
				2A587F572BCAD1DA00E64FD9 /* Core */,
				2A4F27492BCD66D500904752 /* Components */,
				2A4F27462BCD65E900904752 /* ViewModifier */,
				2A587F412BCAA68500E64FD9 /* Main */,
				2A587F5C2BCADACC00E64FD9 /* Detail */,
			);
			path = Presentation;
			sourceTree = "<group>";
		};
		2A587F412BCAA68500E64FD9 /* Main */ = {
			isa = PBXGroup;
			children = (
				2AFEE35E2BCEC36C00F446B9 /* ViewModel */,
				2AFEE35D2BCEC36600F446B9 /* View */,
			);
			path = Main;
			sourceTree = "<group>";
		};
		2A587F472BCAA77B00E64FD9 /* Resource */ = {
			isa = PBXGroup;
			children = (
				2A587F1B2BC93F2500E64FD9 /* Preview Content */,
				2A587F192BC93F2500E64FD9 /* Assets.xcassets */,
			);
			path = Resource;
			sourceTree = "<group>";
		};
		2A587F482BCAB17800E64FD9 /* DI */ = {
			isa = PBXGroup;
			children = (
				2A587F492BCAB19700E64FD9 /* DIContainer.swift */,
				2A587F512BCACA8E00E64FD9 /* DIContainer+Injection.swift */,
			);
			path = DI;
			sourceTree = "<group>";
		};
		2A587F532BCACFC700E64FD9 /* Core */ = {
			isa = PBXGroup;
			children = (
				2A4F27562BCD921F00904752 /* Extension */,
				2A587F482BCAB17800E64FD9 /* DI */,
			);
			path = Core;
			sourceTree = "<group>";
		};
		2A587F572BCAD1DA00E64FD9 /* Core */ = {
			isa = PBXGroup;
			children = (
				2A587F5A2BCADA3C00E64FD9 /* CoordinatorProtocol.swift */,
				2A4F274E2BCD73B900904752 /* Constant.swift */,
			);
			path = Core;
			sourceTree = "<group>";
		};
		2A587F5C2BCADACC00E64FD9 /* Detail */ = {
			isa = PBXGroup;
			children = (
				2A587F5D2BCADADF00E64FD9 /* DetailView.swift */,
			);
			path = Detail;
			sourceTree = "<group>";
		};
		2AFEE35D2BCEC36600F446B9 /* View */ = {
			isa = PBXGroup;
			children = (
				2A587F422BCAA6B100E64FD9 /* MainView.swift */,
				2A4F274A2BCD695500904752 /* SearchBar.swift */,
				2A4F27502BCD86B600904752 /* Dropdown.swift */,
				2AFEE3592BCEC34A00F446B9 /* TabItemView.swift */,
			);
			path = View;
			sourceTree = "<group>";
		};
		2AFEE35E2BCEC36C00F446B9 /* ViewModel */ = {
			isa = PBXGroup;
			children = (
				2A587F452BCAA74C00E64FD9 /* MainViewModel.swift */,
			);
			path = ViewModel;
			sourceTree = "<group>";
		};
/* End PBXGroup section */

/* Begin PBXNativeTarget section */
		2A587F112BC93F2400E64FD9 /* CoinTracker-iOS */ = {
			isa = PBXNativeTarget;
			buildConfigurationList = 2A587F362BC93F2500E64FD9 /* Build configuration list for PBXNativeTarget "CoinTracker-iOS" */;
			buildPhases = (
				2A587F0E2BC93F2400E64FD9 /* Sources */,
				2A587F0F2BC93F2400E64FD9 /* Frameworks */,
				2A587F102BC93F2400E64FD9 /* Resources */,
			);
			buildRules = (
			);
			dependencies = (
			);
			name = "CoinTracker-iOS";
			productName = CleanCrypto;
			productReference = 2A587F122BC93F2400E64FD9 /* CoinTracker-iOS.app */;
			productType = "com.apple.product-type.application";
		};
		2A587F212BC93F2500E64FD9 /* CoinTracker-iOSTests */ = {
			isa = PBXNativeTarget;
			buildConfigurationList = 2A587F392BC93F2500E64FD9 /* Build configuration list for PBXNativeTarget "CoinTracker-iOSTests" */;
			buildPhases = (
				2A587F1E2BC93F2500E64FD9 /* Sources */,
				2A587F1F2BC93F2500E64FD9 /* Frameworks */,
				2A587F202BC93F2500E64FD9 /* Resources */,
			);
			buildRules = (
			);
			dependencies = (
				2A587F242BC93F2500E64FD9 /* PBXTargetDependency */,
			);
			name = "CoinTracker-iOSTests";
			productName = CleanCryptoTests;
			productReference = 2A587F222BC93F2500E64FD9 /* CoinTracker-iOSTests.xctest */;
			productType = "com.apple.product-type.bundle.unit-test";
		};
/* End PBXNativeTarget section */

/* Begin PBXProject section */
		2A587F0A2BC93F2400E64FD9 /* Project object */ = {
			isa = PBXProject;
			attributes = {
				BuildIndependentTargetsInParallel = 1;
				LastSwiftUpdateCheck = 1530;
				LastUpgradeCheck = 1530;
				TargetAttributes = {
					2A587F112BC93F2400E64FD9 = {
						CreatedOnToolsVersion = 15.3;
					};
					2A587F212BC93F2500E64FD9 = {
						CreatedOnToolsVersion = 15.3;
						TestTargetID = 2A587F112BC93F2400E64FD9;
					};
				};
			};
			buildConfigurationList = 2A587F0D2BC93F2400E64FD9 /* Build configuration list for PBXProject "CoinTracker-iOS" */;
			compatibilityVersion = "Xcode 14.0";
			developmentRegion = en;
			hasScannedForEncodings = 0;
			knownRegions = (
				en,
				Base,
			);
			mainGroup = 2A587F092BC93F2400E64FD9;
			productRefGroup = 2A587F132BC93F2400E64FD9 /* Products */;
			projectDirPath = "";
			projectRoot = "";
			targets = (
				2A587F112BC93F2400E64FD9 /* CoinTracker-iOS */,
				2A587F212BC93F2500E64FD9 /* CoinTracker-iOSTests */,
			);
		};
/* End PBXProject section */

/* Begin PBXResourcesBuildPhase section */
		2A587F102BC93F2400E64FD9 /* Resources */ = {
			isa = PBXResourcesBuildPhase;
			buildActionMask = 2147483647;
			files = (
				2A587F1D2BC93F2500E64FD9 /* Preview Assets.xcassets in Resources */,
				2A587F1A2BC93F2500E64FD9 /* Assets.xcassets in Resources */,
			);
			runOnlyForDeploymentPostprocessing = 0;
		};
		2A587F202BC93F2500E64FD9 /* Resources */ = {
			isa = PBXResourcesBuildPhase;
			buildActionMask = 2147483647;
			files = (
			);
			runOnlyForDeploymentPostprocessing = 0;
		};
/* End PBXResourcesBuildPhase section */

/* Begin PBXSourcesBuildPhase section */
		2A587F0E2BC93F2400E64FD9 /* Sources */ = {
			isa = PBXSourcesBuildPhase;
			buildActionMask = 2147483647;
			files = (
				2A587F5B2BCADA3C00E64FD9 /* CoordinatorProtocol.swift in Sources */,
				2A587F5E2BCADADF00E64FD9 /* DetailView.swift in Sources */,
				2A587F522BCACA8E00E64FD9 /* DIContainer+Injection.swift in Sources */,
				2A587F432BCAA6B100E64FD9 /* MainView.swift in Sources */,
				2A4F274D2BCD6AD600904752 /* HideModifier.swift in Sources */,
				2A587F162BC93F2400E64FD9 /* CoinTracker-iOSApp.swift in Sources */,
				2A4F274B2BCD695500904752 /* SearchBar.swift in Sources */,
				2A4F27552BCD8A7900904752 /* Coin.swift in Sources */,
				2A4F27582BCD923300904752 /* String+Extension.swift in Sources */,
				2A587F4A2BCAB19700E64FD9 /* DIContainer.swift in Sources */,
				2A4F274F2BCD73B900904752 /* Constant.swift in Sources */,
				2A4F27482BCD65F300904752 /* PlaceholderModifier.swift in Sources */,
				2AFEE35A2BCEC34A00F446B9 /* TabItemView.swift in Sources */,
				2A4F27512BCD86B600904752 /* Dropdown.swift in Sources */,
				2A587F462BCAA74C00E64FD9 /* MainViewModel.swift in Sources */,
			);
			runOnlyForDeploymentPostprocessing = 0;
		};
		2A587F1E2BC93F2500E64FD9 /* Sources */ = {
			isa = PBXSourcesBuildPhase;
			buildActionMask = 2147483647;
			files = (
				2A587F272BC93F2500E64FD9 /* CoinTracker-iOSTests.swift in Sources */,
			);
			runOnlyForDeploymentPostprocessing = 0;
		};
/* End PBXSourcesBuildPhase section */

/* Begin PBXTargetDependency section */
		2A587F242BC93F2500E64FD9 /* PBXTargetDependency */ = {
			isa = PBXTargetDependency;
			target = 2A587F112BC93F2400E64FD9 /* CoinTracker-iOS */;
			targetProxy = 2A587F232BC93F2500E64FD9 /* PBXContainerItemProxy */;
		};
/* End PBXTargetDependency section */

/* Begin XCBuildConfiguration section */
		2A587F342BC93F2500E64FD9 /* Debug */ = {
			isa = XCBuildConfiguration;
			buildSettings = {
				ALWAYS_SEARCH_USER_PATHS = NO;
				ASSETCATALOG_COMPILER_GENERATE_SWIFT_ASSET_SYMBOL_EXTENSIONS = YES;
				CLANG_ANALYZER_NONNULL = YES;
				CLANG_ANALYZER_NUMBER_OBJECT_CONVERSION = YES_AGGRESSIVE;
				CLANG_CXX_LANGUAGE_STANDARD = "gnu++20";
				CLANG_ENABLE_MODULES = YES;
				CLANG_ENABLE_OBJC_ARC = YES;
				CLANG_ENABLE_OBJC_WEAK = YES;
				CLANG_WARN_BLOCK_CAPTURE_AUTORELEASING = YES;
				CLANG_WARN_BOOL_CONVERSION = YES;
				CLANG_WARN_COMMA = YES;
				CLANG_WARN_CONSTANT_CONVERSION = YES;
				CLANG_WARN_DEPRECATED_OBJC_IMPLEMENTATIONS = YES;
				CLANG_WARN_DIRECT_OBJC_ISA_USAGE = YES_ERROR;
				CLANG_WARN_DOCUMENTATION_COMMENTS = YES;
				CLANG_WARN_EMPTY_BODY = YES;
				CLANG_WARN_ENUM_CONVERSION = YES;
				CLANG_WARN_INFINITE_RECURSION = YES;
				CLANG_WARN_INT_CONVERSION = YES;
				CLANG_WARN_NON_LITERAL_NULL_CONVERSION = YES;
				CLANG_WARN_OBJC_IMPLICIT_RETAIN_SELF = YES;
				CLANG_WARN_OBJC_LITERAL_CONVERSION = YES;
				CLANG_WARN_OBJC_ROOT_CLASS = YES_ERROR;
				CLANG_WARN_QUOTED_INCLUDE_IN_FRAMEWORK_HEADER = YES;
				CLANG_WARN_RANGE_LOOP_ANALYSIS = YES;
				CLANG_WARN_STRICT_PROTOTYPES = YES;
				CLANG_WARN_SUSPICIOUS_MOVE = YES;
				CLANG_WARN_UNGUARDED_AVAILABILITY = YES_AGGRESSIVE;
				CLANG_WARN_UNREACHABLE_CODE = YES;
				CLANG_WARN__DUPLICATE_METHOD_MATCH = YES;
				COPY_PHASE_STRIP = NO;
				DEBUG_INFORMATION_FORMAT = dwarf;
				ENABLE_STRICT_OBJC_MSGSEND = YES;
				ENABLE_TESTABILITY = YES;
				ENABLE_USER_SCRIPT_SANDBOXING = YES;
				GCC_C_LANGUAGE_STANDARD = gnu17;
				GCC_DYNAMIC_NO_PIC = NO;
				GCC_NO_COMMON_BLOCKS = YES;
				GCC_OPTIMIZATION_LEVEL = 0;
				GCC_PREPROCESSOR_DEFINITIONS = (
					"DEBUG=1",
					"$(inherited)",
				);
				GCC_WARN_64_TO_32_BIT_CONVERSION = YES;
				GCC_WARN_ABOUT_RETURN_TYPE = YES_ERROR;
				GCC_WARN_UNDECLARED_SELECTOR = YES;
				GCC_WARN_UNINITIALIZED_AUTOS = YES_AGGRESSIVE;
				GCC_WARN_UNUSED_FUNCTION = YES;
				GCC_WARN_UNUSED_VARIABLE = YES;
				IPHONEOS_DEPLOYMENT_TARGET = 15.0;
				LOCALIZATION_PREFERS_STRING_CATALOGS = YES;
				MTL_ENABLE_DEBUG_INFO = INCLUDE_SOURCE;
				MTL_FAST_MATH = YES;
				ONLY_ACTIVE_ARCH = YES;
				SDKROOT = iphoneos;
				SWIFT_ACTIVE_COMPILATION_CONDITIONS = "DEBUG $(inherited)";
				SWIFT_OPTIMIZATION_LEVEL = "-Onone";
			};
			name = Debug;
		};
		2A587F352BC93F2500E64FD9 /* Release */ = {
			isa = XCBuildConfiguration;
			buildSettings = {
				ALWAYS_SEARCH_USER_PATHS = NO;
				ASSETCATALOG_COMPILER_GENERATE_SWIFT_ASSET_SYMBOL_EXTENSIONS = YES;
				CLANG_ANALYZER_NONNULL = YES;
				CLANG_ANALYZER_NUMBER_OBJECT_CONVERSION = YES_AGGRESSIVE;
				CLANG_CXX_LANGUAGE_STANDARD = "gnu++20";
				CLANG_ENABLE_MODULES = YES;
				CLANG_ENABLE_OBJC_ARC = YES;
				CLANG_ENABLE_OBJC_WEAK = YES;
				CLANG_WARN_BLOCK_CAPTURE_AUTORELEASING = YES;
				CLANG_WARN_BOOL_CONVERSION = YES;
				CLANG_WARN_COMMA = YES;
				CLANG_WARN_CONSTANT_CONVERSION = YES;
				CLANG_WARN_DEPRECATED_OBJC_IMPLEMENTATIONS = YES;
				CLANG_WARN_DIRECT_OBJC_ISA_USAGE = YES_ERROR;
				CLANG_WARN_DOCUMENTATION_COMMENTS = YES;
				CLANG_WARN_EMPTY_BODY = YES;
				CLANG_WARN_ENUM_CONVERSION = YES;
				CLANG_WARN_INFINITE_RECURSION = YES;
				CLANG_WARN_INT_CONVERSION = YES;
				CLANG_WARN_NON_LITERAL_NULL_CONVERSION = YES;
				CLANG_WARN_OBJC_IMPLICIT_RETAIN_SELF = YES;
				CLANG_WARN_OBJC_LITERAL_CONVERSION = YES;
				CLANG_WARN_OBJC_ROOT_CLASS = YES_ERROR;
				CLANG_WARN_QUOTED_INCLUDE_IN_FRAMEWORK_HEADER = YES;
				CLANG_WARN_RANGE_LOOP_ANALYSIS = YES;
				CLANG_WARN_STRICT_PROTOTYPES = YES;
				CLANG_WARN_SUSPICIOUS_MOVE = YES;
				CLANG_WARN_UNGUARDED_AVAILABILITY = YES_AGGRESSIVE;
				CLANG_WARN_UNREACHABLE_CODE = YES;
				CLANG_WARN__DUPLICATE_METHOD_MATCH = YES;
				COPY_PHASE_STRIP = NO;
				DEBUG_INFORMATION_FORMAT = "dwarf-with-dsym";
				ENABLE_NS_ASSERTIONS = NO;
				ENABLE_STRICT_OBJC_MSGSEND = YES;
				ENABLE_USER_SCRIPT_SANDBOXING = YES;
				GCC_C_LANGUAGE_STANDARD = gnu17;
				GCC_NO_COMMON_BLOCKS = YES;
				GCC_WARN_64_TO_32_BIT_CONVERSION = YES;
				GCC_WARN_ABOUT_RETURN_TYPE = YES_ERROR;
				GCC_WARN_UNDECLARED_SELECTOR = YES;
				GCC_WARN_UNINITIALIZED_AUTOS = YES_AGGRESSIVE;
				GCC_WARN_UNUSED_FUNCTION = YES;
				GCC_WARN_UNUSED_VARIABLE = YES;
				IPHONEOS_DEPLOYMENT_TARGET = 15.0;
				LOCALIZATION_PREFERS_STRING_CATALOGS = YES;
				MTL_ENABLE_DEBUG_INFO = NO;
				MTL_FAST_MATH = YES;
				SDKROOT = iphoneos;
				SWIFT_COMPILATION_MODE = wholemodule;
				VALIDATE_PRODUCT = YES;
			};
			name = Release;
		};
		2A587F372BC93F2500E64FD9 /* Debug */ = {
			isa = XCBuildConfiguration;
			buildSettings = {
				ASSETCATALOG_COMPILER_APPICON_NAME = AppIcon;
				ASSETCATALOG_COMPILER_GLOBAL_ACCENT_COLOR_NAME = AccentColor;
				CODE_SIGN_STYLE = Automatic;
				CURRENT_PROJECT_VERSION = 1;
				DEVELOPMENT_ASSET_PATHS = "\"CoinTracker-iOS/Resource/Preview Content\"";
				DEVELOPMENT_TEAM = NLCYJ22AZZ;
				ENABLE_PREVIEWS = YES;
				GENERATE_INFOPLIST_FILE = YES;
				INFOPLIST_KEY_CFBundleDisplayName = CleanCrypto;
				INFOPLIST_KEY_LSApplicationCategoryType = "public.app-category.finance";
				INFOPLIST_KEY_UIApplicationSceneManifest_Generation = YES;
				INFOPLIST_KEY_UIApplicationSupportsIndirectInputEvents = YES;
				INFOPLIST_KEY_UILaunchScreen_Generation = YES;
				INFOPLIST_KEY_UISupportedInterfaceOrientations = UIInterfaceOrientationPortrait;
				INFOPLIST_KEY_UISupportedInterfaceOrientations_iPad = "UIInterfaceOrientationLandscapeLeft UIInterfaceOrientationLandscapeRight";
				IPHONEOS_DEPLOYMENT_TARGET = 15.0;
				LD_RUNPATH_SEARCH_PATHS = (
					"$(inherited)",
					"@executable_path/Frameworks",
				);
				MARKETING_VERSION = 1.0;
				PRODUCT_BUNDLE_IDENTIFIER = com.devhaute.CleanCrypto;
				PRODUCT_NAME = "$(TARGET_NAME)";
				SUPPORTED_PLATFORMS = "iphoneos iphonesimulator";
				SUPPORTS_MACCATALYST = NO;
				SUPPORTS_XR_DESIGNED_FOR_IPHONE_IPAD = NO;
				SWIFT_EMIT_LOC_STRINGS = YES;
				SWIFT_VERSION = 5.0;
				TARGETED_DEVICE_FAMILY = "1,2";
			};
			name = Debug;
		};
		2A587F382BC93F2500E64FD9 /* Release */ = {
			isa = XCBuildConfiguration;
			buildSettings = {
				ASSETCATALOG_COMPILER_APPICON_NAME = AppIcon;
				ASSETCATALOG_COMPILER_GLOBAL_ACCENT_COLOR_NAME = AccentColor;
				CODE_SIGN_STYLE = Automatic;
				CURRENT_PROJECT_VERSION = 1;
				DEVELOPMENT_ASSET_PATHS = "\"CoinTracker-iOS/Resource/Preview Content\"";
				DEVELOPMENT_TEAM = NLCYJ22AZZ;
				ENABLE_PREVIEWS = YES;
				GENERATE_INFOPLIST_FILE = YES;
				INFOPLIST_KEY_CFBundleDisplayName = CleanCrypto;
				INFOPLIST_KEY_LSApplicationCategoryType = "public.app-category.finance";
				INFOPLIST_KEY_UIApplicationSceneManifest_Generation = YES;
				INFOPLIST_KEY_UIApplicationSupportsIndirectInputEvents = YES;
				INFOPLIST_KEY_UILaunchScreen_Generation = YES;
				INFOPLIST_KEY_UISupportedInterfaceOrientations = UIInterfaceOrientationPortrait;
				INFOPLIST_KEY_UISupportedInterfaceOrientations_iPad = "UIInterfaceOrientationLandscapeLeft UIInterfaceOrientationLandscapeRight";
				IPHONEOS_DEPLOYMENT_TARGET = 15.0;
				LD_RUNPATH_SEARCH_PATHS = (
					"$(inherited)",
					"@executable_path/Frameworks",
				);
				MARKETING_VERSION = 1.0;
				PRODUCT_BUNDLE_IDENTIFIER = com.devhaute.CleanCrypto;
				PRODUCT_NAME = "$(TARGET_NAME)";
				SUPPORTED_PLATFORMS = "iphoneos iphonesimulator";
				SUPPORTS_MACCATALYST = NO;
				SUPPORTS_XR_DESIGNED_FOR_IPHONE_IPAD = NO;
				SWIFT_EMIT_LOC_STRINGS = YES;
				SWIFT_VERSION = 5.0;
				TARGETED_DEVICE_FAMILY = "1,2";
			};
			name = Release;
		};
		2A587F3A2BC93F2500E64FD9 /* Debug */ = {
			isa = XCBuildConfiguration;
			buildSettings = {
				ALWAYS_EMBED_SWIFT_STANDARD_LIBRARIES = YES;
				BUNDLE_LOADER = "$(TEST_HOST)";
				CODE_SIGN_STYLE = Automatic;
				CURRENT_PROJECT_VERSION = 1;
				DEVELOPMENT_TEAM = NLCYJ22AZZ;
				GENERATE_INFOPLIST_FILE = YES;
				IPHONEOS_DEPLOYMENT_TARGET = 15.0;
				MARKETING_VERSION = 1.0;
				PRODUCT_BUNDLE_IDENTIFIER = com.devhaute.CleanCryptoTests;
				PRODUCT_NAME = "$(TARGET_NAME)";
				SWIFT_EMIT_LOC_STRINGS = NO;
				SWIFT_VERSION = 5.0;
				TARGETED_DEVICE_FAMILY = "1,2";
				TEST_HOST = "$(BUILT_PRODUCTS_DIR)/CoinTracker-iOS.app/$(BUNDLE_EXECUTABLE_FOLDER_PATH)/CoinTracker-iOS";
			};
			name = Debug;
		};
		2A587F3B2BC93F2500E64FD9 /* Release */ = {
			isa = XCBuildConfiguration;
			buildSettings = {
				ALWAYS_EMBED_SWIFT_STANDARD_LIBRARIES = YES;
				BUNDLE_LOADER = "$(TEST_HOST)";
				CODE_SIGN_STYLE = Automatic;
				CURRENT_PROJECT_VERSION = 1;
				DEVELOPMENT_TEAM = NLCYJ22AZZ;
				GENERATE_INFOPLIST_FILE = YES;
				IPHONEOS_DEPLOYMENT_TARGET = 15.0;
				MARKETING_VERSION = 1.0;
				PRODUCT_BUNDLE_IDENTIFIER = com.devhaute.CleanCryptoTests;
				PRODUCT_NAME = "$(TARGET_NAME)";
				SWIFT_EMIT_LOC_STRINGS = NO;
				SWIFT_VERSION = 5.0;
				TARGETED_DEVICE_FAMILY = "1,2";
				TEST_HOST = "$(BUILT_PRODUCTS_DIR)/CoinTracker-iOS.app/$(BUNDLE_EXECUTABLE_FOLDER_PATH)/CoinTracker-iOS";
			};
			name = Release;
		};
/* End XCBuildConfiguration section */

/* Begin XCConfigurationList section */
		2A587F0D2BC93F2400E64FD9 /* Build configuration list for PBXProject "CoinTracker-iOS" */ = {
			isa = XCConfigurationList;
			buildConfigurations = (
				2A587F342BC93F2500E64FD9 /* Debug */,
				2A587F352BC93F2500E64FD9 /* Release */,
			);
			defaultConfigurationIsVisible = 0;
			defaultConfigurationName = Release;
		};
		2A587F362BC93F2500E64FD9 /* Build configuration list for PBXNativeTarget "CoinTracker-iOS" */ = {
			isa = XCConfigurationList;
			buildConfigurations = (
				2A587F372BC93F2500E64FD9 /* Debug */,
				2A587F382BC93F2500E64FD9 /* Release */,
			);
			defaultConfigurationIsVisible = 0;
			defaultConfigurationName = Release;
		};
		2A587F392BC93F2500E64FD9 /* Build configuration list for PBXNativeTarget "CoinTracker-iOSTests" */ = {
			isa = XCConfigurationList;
			buildConfigurations = (
				2A587F3A2BC93F2500E64FD9 /* Debug */,
				2A587F3B2BC93F2500E64FD9 /* Release */,
			);
			defaultConfigurationIsVisible = 0;
			defaultConfigurationName = Release;
		};
/* End XCConfigurationList section */
	};
	rootObject = 2A587F0A2BC93F2400E64FD9 /* Project object */;
}
